
Microsoft Visual Studio Solution File, Format Version 12.00
# Visual Studio Version 16
VisualStudioVersion = 16.0.29001.49
MinimumVisualStudioVersion = 10.0.40219.1
Project("{FAE04EC0-301F-11D3-BF4B-00C04F79EFBC}") = "Streaming Time Tool", "Streaming Time Tool\Streaming Time Tool.csproj", "{47906523-6335-462C-9884-7181F693266A}"
EndProject
Global
	GlobalSection(SolutionConfigurationPlatforms) = preSolution
		Debug|Any CPU = Debug|Any CPU
		Release|Any CPU = Release|Any CPU
	EndGlobalSection
	GlobalSection(ProjectConfigurationPlatforms) = postSolution
		{47906523-6335-462C-9884-7181F693266A}.Debug|Any CPU.ActiveCfg = Debug|Any CPU
		{47906523-6335-462C-9884-7181F693266A}.Debug|Any CPU.Build.0 = Debug|Any CPU
		{47906523-6335-462C-9884-7181F693266A}.Release|Any CPU.ActiveCfg = Release|Any CPU
		{47906523-6335-462C-9884-7181F693266A}.Release|Any CPU.Build.0 = Release|Any CPU
	EndGlobalSection
	GlobalSection(SolutionProperties) = preSolution
		HideSolutionNode = FALSE
	EndGlobalSection
	GlobalSection(ExtensibilityGlobals) = postSolution
		SolutionGuid = {44704C39-8DB9-4326-AF53-23C4B53B8DBD}
	EndGlobalSection
EndGlobal
